
Microsoft Visual Studio Solution File, Format Version 12.00
# Visual Studio Version 17
VisualStudioVersion = 17.5.33516.290
MinimumVisualStudioVersion = 10.0.40219.1
Project("{FAE04EC0-301F-11D3-BF4B-00C04F79EFBC}") = "ProjetoLooping", "ProjetoLooping\ProjetoLooping.csproj", "{2DA2618F-D79B-43C4-9DD4-B23CFAC1727E}"
EndProject
Global
	GlobalSection(SolutionConfigurationPlatforms) = preSolution
		Debug|Any CPU = Debug|Any CPU
		Release|Any CPU = Release|Any CPU
	EndGlobalSection
	GlobalSection(ProjectConfigurationPlatforms) = postSolution
		{2DA2618F-D79B-43C4-9DD4-B23CFAC1727E}.Debug|Any CPU.ActiveCfg = Debug|Any CPU
		{2DA2618F-D79B-43C4-9DD4-B23CFAC1727E}.Debug|Any CPU.Build.0 = Debug|Any CPU
		{2DA2618F-D79B-43C4-9DD4-B23CFAC1727E}.Release|Any CPU.ActiveCfg = Release|Any CPU
		{2DA2618F-D79B-43C4-9DD4-B23CFAC1727E}.Release|Any CPU.Build.0 = Release|Any CPU
	EndGlobalSection
	GlobalSection(SolutionProperties) = preSolution
		HideSolutionNode = FALSE
	EndGlobalSection
	GlobalSection(ExtensibilityGlobals) = postSolution
		SolutionGuid = {4BDBA035-64A5-4E8B-B4E6-584034E54667}
	EndGlobalSection
EndGlobal
